
Microsoft Visual Studio Solution File, Format Version 12.00
# Visual Studio Version 17
VisualStudioVersion = 17.0.31903.59
MinimumVisualStudioVersion = 10.0.40219.1
Project("{2150E333-8FDC-42A3-9474-1A3956D46DE8}") = "src", "src", "{0D3A5AED-C153-482F-A5D7-BE52D059ECA8}"
EndProject
Project("{2150E333-8FDC-42A3-9474-1A3956D46DE8}") = "tests", "tests", "{AF65A29C-6B60-4D81-AFC6-B4959EC4B44B}"
EndProject
Project("{FAE04EC0-301F-11D3-BF4B-00C04F79EFBC}") = "BelaDesignHub.Api", "src\BelaDesignHub.Api\BelaDesignHub.Api.csproj", "{1F42D13E-80EF-4E20-98AA-A1E7D434C6C6}"
EndProject
Project("{FAE04EC0-301F-11D3-BF4B-00C04F79EFBC}") = "BelaDesignHub.Application", "src\BelaDesignHub.Application\BelaDesignHub.Application.csproj", "{E1CB301F-F476-4DE5-94EE-F1A13CCD52D3}"
EndProject
Project("{FAE04EC0-301F-11D3-BF4B-00C04F79EFBC}") = "BelaDesignHub.Domain", "src\BelaDesignHub.Domain\BelaDesignHub.Domain.csproj", "{876B994D-11B5-44FB-85BD-FC8DEB43C3E4}"
EndProject
Project("{FAE04EC0-301F-11D3-BF4B-00C04F79EFBC}") = "BelaDesignHub.Infrastructure", "src\BelaDesignHub.Infrastructure\BelaDesignHub.Infrastructure.csproj", "{B6662811-9031-4735-BC9F-BD286134EE0F}"
EndProject
Project("{FAE04EC0-301F-11D3-BF4B-00C04F79EFBC}") = "BelaDesignHub.Application.Tests", "tests\BelaDesignHub.Application.Tests\BelaDesignHub.Application.Tests.csproj", "{8CD149B7-8B5A-4058-A917-F653A09FAACC}"
EndProject
Project("{FAE04EC0-301F-11D3-BF4B-00C04F79EFBC}") = "BelaDesignHub.Domain.Tests", "tests\BelaDesignHub.Domain.Tests\BelaDesignHub.Domain.Tests.csproj", "{5AD414CD-0283-48F4-BFD9-E1EEE6879C4E}"
EndProject
Project("{FAE04EC0-301F-11D3-BF4B-00C04F79EFBC}") = "BelaDesignHub.Infrastructure.Tests", "tests\BelaDesignHub.Infrastructure.Tests\BelaDesignHub.Infrastructure.Tests.csproj", "{7FAA3CCB-6BE3-43AB-A153-94AF99FD83DC}"
EndProject
Project("{FAE04EC0-301F-11D3-BF4B-00C04F79EFBC}") = "BelaDesignHub.Api.Tests", "tests\BelaDesignHub.Api.Tests\BelaDesignHub.Api.Tests.csproj", "{889BAD2B-DCCD-43C1-843A-50D023BECF08}"
EndProject
Global
	GlobalSection(SolutionConfigurationPlatforms) = preSolution
		Debug|Any CPU = Debug|Any CPU
		Release|Any CPU = Release|Any CPU
	EndGlobalSection
	GlobalSection(SolutionProperties) = preSolution
		HideSolutionNode = FALSE
	EndGlobalSection
	GlobalSection(ProjectConfigurationPlatforms) = postSolution
		{1F42D13E-80EF-4E20-98AA-A1E7D434C6C6}.Debug|Any CPU.ActiveCfg = Debug|Any CPU
		{1F42D13E-80EF-4E20-98AA-A1E7D434C6C6}.Debug|Any CPU.Build.0 = Debug|Any CPU
		{1F42D13E-80EF-4E20-98AA-A1E7D434C6C6}.Release|Any CPU.ActiveCfg = Release|Any CPU
		{1F42D13E-80EF-4E20-98AA-A1E7D434C6C6}.Release|Any CPU.Build.0 = Release|Any CPU
		{E1CB301F-F476-4DE5-94EE-F1A13CCD52D3}.Debug|Any CPU.ActiveCfg = Debug|Any CPU
		{E1CB301F-F476-4DE5-94EE-F1A13CCD52D3}.Debug|Any CPU.Build.0 = Debug|Any CPU
		{E1CB301F-F476-4DE5-94EE-F1A13CCD52D3}.Release|Any CPU.ActiveCfg = Release|Any CPU
		{E1CB301F-F476-4DE5-94EE-F1A13CCD52D3}.Release|Any CPU.Build.0 = Release|Any CPU
		{876B994D-11B5-44FB-85BD-FC8DEB43C3E4}.Debug|Any CPU.ActiveCfg = Debug|Any CPU
		{876B994D-11B5-44FB-85BD-FC8DEB43C3E4}.Debug|Any CPU.Build.0 = Debug|Any CPU
		{876B994D-11B5-44FB-85BD-FC8DEB43C3E4}.Release|Any CPU.ActiveCfg = Release|Any CPU
		{876B994D-11B5-44FB-85BD-FC8DEB43C3E4}.Release|Any CPU.Build.0 = Release|Any CPU
		{B6662811-9031-4735-BC9F-BD286134EE0F}.Debug|Any CPU.ActiveCfg = Debug|Any CPU
		{B6662811-9031-4735-BC9F-BD286134EE0F}.Debug|Any CPU.Build.0 = Debug|Any CPU
		{B6662811-9031-4735-BC9F-BD286134EE0F}.Release|Any CPU.ActiveCfg = Release|Any CPU
		{B6662811-9031-4735-BC9F-BD286134EE0F}.Release|Any CPU.Build.0 = Release|Any CPU
		{8CD149B7-8B5A-4058-A917-F653A09FAACC}.Debug|Any CPU.ActiveCfg = Debug|Any CPU
		{8CD149B7-8B5A-4058-A917-F653A09FAACC}.Debug|Any CPU.Build.0 = Debug|Any CPU
		{8CD149B7-8B5A-4058-A917-F653A09FAACC}.Release|Any CPU.ActiveCfg = Release|Any CPU
		{8CD149B7-8B5A-4058-A917-F653A09FAACC}.Release|Any CPU.Build.0 = Release|Any CPU
		{5AD414CD-0283-48F4-BFD9-E1EEE6879C4E}.Debug|Any CPU.ActiveCfg = Debug|Any CPU
		{5AD414CD-0283-48F4-BFD9-E1EEE6879C4E}.Debug|Any CPU.Build.0 = Debug|Any CPU
		{5AD414CD-0283-48F4-BFD9-E1EEE6879C4E}.Release|Any CPU.ActiveCfg = Release|Any CPU
		{5AD414CD-0283-48F4-BFD9-E1EEE6879C4E}.Release|Any CPU.Build.0 = Release|Any CPU
		{7FAA3CCB-6BE3-43AB-A153-94AF99FD83DC}.Debug|Any CPU.ActiveCfg = Debug|Any CPU
		{7FAA3CCB-6BE3-43AB-A153-94AF99FD83DC}.Debug|Any CPU.Build.0 = Debug|Any CPU
		{7FAA3CCB-6BE3-43AB-A153-94AF99FD83DC}.Release|Any CPU.ActiveCfg = Release|Any CPU
		{7FAA3CCB-6BE3-43AB-A153-94AF99FD83DC}.Release|Any CPU.Build.0 = Release|Any CPU
		{889BAD2B-DCCD-43C1-843A-50D023BECF08}.Debug|Any CPU.ActiveCfg = Debug|Any CPU
		{889BAD2B-DCCD-43C1-843A-50D023BECF08}.Debug|Any CPU.Build.0 = Debug|Any CPU
		{889BAD2B-DCCD-43C1-843A-50D023BECF08}.Release|Any CPU.ActiveCfg = Release|Any CPU
		{889BAD2B-DCCD-43C1-843A-50D023BECF08}.Release|Any CPU.Build.0 = Release|Any CPU
	EndGlobalSection
	GlobalSection(NestedProjects) = preSolution
		{1F42D13E-80EF-4E20-98AA-A1E7D434C6C6} = {0D3A5AED-C153-482F-A5D7-BE52D059ECA8}
		{E1CB301F-F476-4DE5-94EE-F1A13CCD52D3} = {0D3A5AED-C153-482F-A5D7-BE52D059ECA8}
		{876B994D-11B5-44FB-85BD-FC8DEB43C3E4} = {0D3A5AED-C153-482F-A5D7-BE52D059ECA8}
		{B6662811-9031-4735-BC9F-BD286134EE0F} = {0D3A5AED-C153-482F-A5D7-BE52D059ECA8}
		{889BAD2B-DCCD-43C1-843A-50D023BECF08} = {AF65A29C-6B60-4D81-AFC6-B4959EC4B44B}
		{8CD149B7-8B5A-4058-A917-F653A09FAACC} = {AF65A29C-6B60-4D81-AFC6-B4959EC4B44B}
		{5AD414CD-0283-48F4-BFD9-E1EEE6879C4E} = {AF65A29C-6B60-4D81-AFC6-B4959EC4B44B}
		{7FAA3CCB-6BE3-43AB-A153-94AF99FD83DC} = {AF65A29C-6B60-4D81-AFC6-B4959EC4B44B}
	EndGlobalSection
EndGlobal
